
Microsoft Visual Studio Solution File, Format Version 12.00
# Visual Studio Version 17
VisualStudioVersion = 17.2.32516.85
MinimumVisualStudioVersion = 10.0.40219.1
Project("{FAE04EC0-301F-11D3-BF4B-00C04F79EFBC}") = "GenericApiNet6", "GenericApiNet6\GenericApiNet6.csproj", "{CC611174-051A-424B-B546-021C4B6A41A5}"
EndProject
Global
	GlobalSection(SolutionConfigurationPlatforms) = preSolution
		Debug|Any CPU = Debug|Any CPU
		Release|Any CPU = Release|Any CPU
	EndGlobalSection
	GlobalSection(ProjectConfigurationPlatforms) = postSolution
		{CC611174-051A-424B-B546-021C4B6A41A5}.Debug|Any CPU.ActiveCfg = Debug|Any CPU
		{CC611174-051A-424B-B546-021C4B6A41A5}.Debug|Any CPU.Build.0 = Debug|Any CPU
		{CC611174-051A-424B-B546-021C4B6A41A5}.Release|Any CPU.ActiveCfg = Release|Any CPU
		{CC611174-051A-424B-B546-021C4B6A41A5}.Release|Any CPU.Build.0 = Release|Any CPU
	EndGlobalSection
	GlobalSection(SolutionProperties) = preSolution
		HideSolutionNode = FALSE
	EndGlobalSection
	GlobalSection(ExtensibilityGlobals) = postSolution
		SolutionGuid = {96CF81DE-BB09-46DC-A8A4-FD650EB542E5}
	EndGlobalSection
EndGlobal
